
Microsoft Visual Studio Solution File, Format Version 12.00
# Visual Studio Version 17
VisualStudioVersion = 17.5.002.0
MinimumVisualStudioVersion = 10.0.40219.1
Project("{9A19103F-16F7-4668-BE54-9A1E7A4F7556}") = "projetomatheus", "projetomatheus.csproj", "{23AC7DE7-A116-4562-91BD-851F37711B30}"
EndProject
Global
	GlobalSection(SolutionConfigurationPlatforms) = preSolution
		Debug|Any CPU = Debug|Any CPU
		Release|Any CPU = Release|Any CPU
	EndGlobalSection
	GlobalSection(ProjectConfigurationPlatforms) = postSolution
		{23AC7DE7-A116-4562-91BD-851F37711B30}.Debug|Any CPU.ActiveCfg = Debug|Any CPU
		{23AC7DE7-A116-4562-91BD-851F37711B30}.Debug|Any CPU.Build.0 = Debug|Any CPU
		{23AC7DE7-A116-4562-91BD-851F37711B30}.Release|Any CPU.ActiveCfg = Release|Any CPU
		{23AC7DE7-A116-4562-91BD-851F37711B30}.Release|Any CPU.Build.0 = Release|Any CPU
	EndGlobalSection
	GlobalSection(SolutionProperties) = preSolution
		HideSolutionNode = FALSE
	EndGlobalSection
	GlobalSection(ExtensibilityGlobals) = postSolution
		SolutionGuid = {2ADCEBBA-09AD-43BC-B9C5-FAD39BCEF792}
	EndGlobalSection
EndGlobal
